
Microsoft Visual Studio Solution File, Format Version 12.00
# Visual Studio Version 16
VisualStudioVersion = 16.0.29009.5
MinimumVisualStudioVersion = 10.0.40219.1
Project("{FAE04EC0-301F-11D3-BF4B-00C04F79EFBC}") = "projeto", "projeto\projeto.csproj", "{1199FD40-2D4D-46D1-BD49-11534678E3BB}"
EndProject
Global
	GlobalSection(SolutionConfigurationPlatforms) = preSolution
		Debug|Any CPU = Debug|Any CPU
		Release|Any CPU = Release|Any CPU
	EndGlobalSection
	GlobalSection(ProjectConfigurationPlatforms) = postSolution
		{1199FD40-2D4D-46D1-BD49-11534678E3BB}.Debug|Any CPU.ActiveCfg = Debug|Any CPU
		{1199FD40-2D4D-46D1-BD49-11534678E3BB}.Debug|Any CPU.Build.0 = Debug|Any CPU
		{1199FD40-2D4D-46D1-BD49-11534678E3BB}.Release|Any CPU.ActiveCfg = Release|Any CPU
		{1199FD40-2D4D-46D1-BD49-11534678E3BB}.Release|Any CPU.Build.0 = Release|Any CPU
	EndGlobalSection
	GlobalSection(SolutionProperties) = preSolution
		HideSolutionNode = FALSE
	EndGlobalSection
	GlobalSection(ExtensibilityGlobals) = postSolution
		SolutionGuid = {1A2EB5B8-1B39-41D7-800E-DDF49575C816}
	EndGlobalSection
EndGlobal
